
Microsoft Visual Studio Solution File, Format Version 12.00
# Visual Studio Version 17
VisualStudioVersion = 17.5.33414.496
MinimumVisualStudioVersion = 10.0.40219.1
Project("{FAE04EC0-301F-11D3-BF4B-00C04F79EFBC}") = "FallingObjects", "FallingObjects\FallingObjects.csproj", "{162BEADE-77DF-473B-BB5F-94A5EC6DC526}"
EndProject
Global
	GlobalSection(SolutionConfigurationPlatforms) = preSolution
		Debug|Any CPU = Debug|Any CPU
		Release|Any CPU = Release|Any CPU
	EndGlobalSection
	GlobalSection(ProjectConfigurationPlatforms) = postSolution
		{162BEADE-77DF-473B-BB5F-94A5EC6DC526}.Debug|Any CPU.ActiveCfg = Debug|Any CPU
		{162BEADE-77DF-473B-BB5F-94A5EC6DC526}.Debug|Any CPU.Build.0 = Debug|Any CPU
		{162BEADE-77DF-473B-BB5F-94A5EC6DC526}.Release|Any CPU.ActiveCfg = Release|Any CPU
		{162BEADE-77DF-473B-BB5F-94A5EC6DC526}.Release|Any CPU.Build.0 = Release|Any CPU
	EndGlobalSection
	GlobalSection(SolutionProperties) = preSolution
		HideSolutionNode = FALSE
	EndGlobalSection
	GlobalSection(ExtensibilityGlobals) = postSolution
		SolutionGuid = {4E728937-7B55-4471-B4B5-CB17E5B6F6BC}
	EndGlobalSection
EndGlobal
